// !$*UTF8*$!
{
	archiveVersion = 1;
	classes = {
	};
	objectVersion = 56;
	objects = {

/* Begin PBXBuildFile section */
		1C04049828F6A75500B599E4 /* CopyTextView.swift in Sources */ = {isa = PBXBuildFile; fileRef = 1C04049728F6A75500B599E4 /* CopyTextView.swift */; };
		1C04049A28F6A7B700B599E4 /* SimpleButtonView.swift in Sources */ = {isa = PBXBuildFile; fileRef = 1C04049928F6A7B700B599E4 /* SimpleButtonView.swift */; };
		1C1A9DEB28E296B8008D6CF1 /* PickerView.swift in Sources */ = {isa = PBXBuildFile; fileRef = 1C1A9DEA28E296B8008D6CF1 /* PickerView.swift */; };
		1C1A9E0728E41748008D6CF1 /* TextEditVew.swift in Sources */ = {isa = PBXBuildFile; fileRef = 1C1A9E0628E41748008D6CF1 /* TextEditVew.swift */; };
		1C1A9E0928E41A31008D6CF1 /* CustomButton.swift in Sources */ = {isa = PBXBuildFile; fileRef = 1C1A9E0828E41A31008D6CF1 /* CustomButton.swift */; };
		1C1A9E0B28E41C41008D6CF1 /* noop.swift in Sources */ = {isa = PBXBuildFile; fileRef = 1C1A9E0A28E41C41008D6CF1 /* noop.swift */; };
		1C26FB8328D2C52600F059ED /* SwiftUIExApp.swift in Sources */ = {isa = PBXBuildFile; fileRef = 1C26FB8228D2C52600F059ED /* SwiftUIExApp.swift */; };
		1C26FB8528D2C52600F059ED /* ContentView.swift in Sources */ = {isa = PBXBuildFile; fileRef = 1C26FB8428D2C52600F059ED /* ContentView.swift */; };
		1C26FB8728D2C52600F059ED /* Assets.xcassets in Resources */ = {isa = PBXBuildFile; fileRef = 1C26FB8628D2C52600F059ED /* Assets.xcassets */; };
		1C26FB8A28D2C52600F059ED /* Preview Assets.xcassets in Resources */ = {isa = PBXBuildFile; fileRef = 1C26FB8928D2C52600F059ED /* Preview Assets.xcassets */; };
		1CAEBF2B28D95E3000BD8D3C /* HorizontalLabelView.swift in Sources */ = {isa = PBXBuildFile; fileRef = 1CAEBF2A28D95E3000BD8D3C /* HorizontalLabelView.swift */; };
		1CAEBF2D28D98CD700BD8D3C /* TextView.swift in Sources */ = {isa = PBXBuildFile; fileRef = 1CAEBF2C28D98CD700BD8D3C /* TextView.swift */; };
		1CE4775728F929250095AA78 /* FoldableView.swift in Sources */ = {isa = PBXBuildFile; fileRef = 1CE4775628F929250095AA78 /* FoldableView.swift */; };
		1CE4775928F9294A0095AA78 /* Collapsable.swift in Sources */ = {isa = PBXBuildFile; fileRef = 1CE4775828F9294A0095AA78 /* Collapsable.swift */; };
		1CFD02C628DADB48004025E0 /* SliderView.swift in Sources */ = {isa = PBXBuildFile; fileRef = 1CFD02C528DADB48004025E0 /* SliderView.swift */; };
/* End PBXBuildFile section */

/* Begin PBXFileReference section */
		1C04049728F6A75500B599E4 /* CopyTextView.swift */ = {isa = PBXFileReference; lastKnownFileType = sourcecode.swift; path = CopyTextView.swift; sourceTree = "<group>"; };
		1C04049928F6A7B700B599E4 /* SimpleButtonView.swift */ = {isa = PBXFileReference; lastKnownFileType = sourcecode.swift; path = SimpleButtonView.swift; sourceTree = "<group>"; };
		1C1A9DEA28E296B8008D6CF1 /* PickerView.swift */ = {isa = PBXFileReference; lastKnownFileType = sourcecode.swift; path = PickerView.swift; sourceTree = "<group>"; };
		1C1A9E0628E41748008D6CF1 /* TextEditVew.swift */ = {isa = PBXFileReference; lastKnownFileType = sourcecode.swift; path = TextEditVew.swift; sourceTree = "<group>"; };
		1C1A9E0828E41A31008D6CF1 /* CustomButton.swift */ = {isa = PBXFileReference; lastKnownFileType = sourcecode.swift; path = CustomButton.swift; sourceTree = "<group>"; };
		1C1A9E0A28E41C41008D6CF1 /* noop.swift */ = {isa = PBXFileReference; lastKnownFileType = sourcecode.swift; path = noop.swift; sourceTree = "<group>"; };
		1C26FB7F28D2C52600F059ED /* SwiftUIEx.app */ = {isa = PBXFileReference; explicitFileType = wrapper.application; includeInIndex = 0; path = SwiftUIEx.app; sourceTree = BUILT_PRODUCTS_DIR; };
		1C26FB8228D2C52600F059ED /* SwiftUIExApp.swift */ = {isa = PBXFileReference; lastKnownFileType = sourcecode.swift; path = SwiftUIExApp.swift; sourceTree = "<group>"; };
		1C26FB8428D2C52600F059ED /* ContentView.swift */ = {isa = PBXFileReference; lastKnownFileType = sourcecode.swift; path = ContentView.swift; sourceTree = "<group>"; };
		1C26FB8628D2C52600F059ED /* Assets.xcassets */ = {isa = PBXFileReference; lastKnownFileType = folder.assetcatalog; path = Assets.xcassets; sourceTree = "<group>"; };
		1C26FB8928D2C52600F059ED /* Preview Assets.xcassets */ = {isa = PBXFileReference; lastKnownFileType = folder.assetcatalog; path = "Preview Assets.xcassets"; sourceTree = "<group>"; };
		1CAEBF2A28D95E3000BD8D3C /* HorizontalLabelView.swift */ = {isa = PBXFileReference; lastKnownFileType = sourcecode.swift; path = HorizontalLabelView.swift; sourceTree = "<group>"; };
		1CAEBF2C28D98CD700BD8D3C /* TextView.swift */ = {isa = PBXFileReference; lastKnownFileType = sourcecode.swift; path = TextView.swift; sourceTree = "<group>"; };
		1CE4775628F929250095AA78 /* FoldableView.swift */ = {isa = PBXFileReference; lastKnownFileType = sourcecode.swift; path = FoldableView.swift; sourceTree = "<group>"; };
		1CE4775828F9294A0095AA78 /* Collapsable.swift */ = {isa = PBXFileReference; lastKnownFileType = sourcecode.swift; path = Collapsable.swift; sourceTree = "<group>"; };
		1CFD02C528DADB48004025E0 /* SliderView.swift */ = {isa = PBXFileReference; lastKnownFileType = sourcecode.swift; path = SliderView.swift; sourceTree = "<group>"; };
/* End PBXFileReference section */

/* Begin PBXFrameworksBuildPhase section */
		1C26FB7C28D2C52600F059ED /* Frameworks */ = {
			isa = PBXFrameworksBuildPhase;
			buildActionMask = 2147483647;
			files = (
			);
			runOnlyForDeploymentPostprocessing = 0;
		};
/* End PBXFrameworksBuildPhase section */

/* Begin PBXGroup section */
		1C26FB7628D2C52600F059ED = {
			isa = PBXGroup;
			children = (
				1C26FB8128D2C52600F059ED /* SwiftUIEx */,
				1C26FB8028D2C52600F059ED /* Products */,
			);
			sourceTree = "<group>";
		};
		1C26FB8028D2C52600F059ED /* Products */ = {
			isa = PBXGroup;
			children = (
				1C26FB7F28D2C52600F059ED /* SwiftUIEx.app */,
			);
			name = Products;
			sourceTree = "<group>";
		};
		1C26FB8128D2C52600F059ED /* SwiftUIEx */ = {
			isa = PBXGroup;
			children = (
				1CE4775D28F929A20095AA78 /* Commons */,
				1CE4775C28F929910095AA78 /* CustomButtons */,
				1CE4775B28F929830095AA78 /* CustomViews */,
				1CE4775A28F929700095AA78 /* FoldableView */,
				1C26FB8228D2C52600F059ED /* SwiftUIExApp.swift */,
				1C26FB8428D2C52600F059ED /* ContentView.swift */,
				1C26FB8628D2C52600F059ED /* Assets.xcassets */,
				1C26FB8828D2C52600F059ED /* Preview Content */,
			);
			path = SwiftUIEx;
			sourceTree = "<group>";
		};
		1C26FB8828D2C52600F059ED /* Preview Content */ = {
			isa = PBXGroup;
			children = (
				1C26FB8928D2C52600F059ED /* Preview Assets.xcassets */,
			);
			path = "Preview Content";
			sourceTree = "<group>";
		};
		1CE4775A28F929700095AA78 /* FoldableView */ = {
			isa = PBXGroup;
			children = (
				1CE4775628F929250095AA78 /* FoldableView.swift */,
				1CE4775828F9294A0095AA78 /* Collapsable.swift */,
			);
			path = FoldableView;
			sourceTree = "<group>";
		};
		1CE4775B28F929830095AA78 /* CustomViews */ = {
			isa = PBXGroup;
			children = (
				1C1A9DEA28E296B8008D6CF1 /* PickerView.swift */,
				1C1A9E0628E41748008D6CF1 /* TextEditVew.swift */,
				1C04049728F6A75500B599E4 /* CopyTextView.swift */,
				1CFD02C528DADB48004025E0 /* SliderView.swift */,
				1CAEBF2A28D95E3000BD8D3C /* HorizontalLabelView.swift */,
				1CAEBF2C28D98CD700BD8D3C /* TextView.swift */,
			);
			path = CustomViews;
			sourceTree = "<group>";
		};
		1CE4775C28F929910095AA78 /* CustomButtons */ = {
			isa = PBXGroup;
			children = (
				1C1A9E0828E41A31008D6CF1 /* CustomButton.swift */,
				1C04049928F6A7B700B599E4 /* SimpleButtonView.swift */,
			);
			path = CustomButtons;
			sourceTree = "<group>";
		};
		1CE4775D28F929A20095AA78 /* Commons */ = {
			isa = PBXGroup;
			children = (
				1C1A9E0A28E41C41008D6CF1 /* noop.swift */,
			);
			path = Commons;
			sourceTree = "<group>";
		};
/* End PBXGroup section */

/* Begin PBXNativeTarget section */
		1C26FB7E28D2C52600F059ED /* SwiftUIEx */ = {
			isa = PBXNativeTarget;
			buildConfigurationList = 1C26FB8D28D2C52600F059ED /* Build configuration list for PBXNativeTarget "SwiftUIEx" */;
			buildPhases = (
				1C26FB7B28D2C52600F059ED /* Sources */,
				1C26FB7C28D2C52600F059ED /* Frameworks */,
				1C26FB7D28D2C52600F059ED /* Resources */,
			);
			buildRules = (
			);
			dependencies = (
			);
			name = SwiftUIEx;
			productName = SwiftUIEx;
			productReference = 1C26FB7F28D2C52600F059ED /* SwiftUIEx.app */;
			productType = "com.apple.product-type.application";
		};
/* End PBXNativeTarget section */

/* Begin PBXProject section */
		1C26FB7728D2C52600F059ED /* Project object */ = {
			isa = PBXProject;
			attributes = {
				BuildIndependentTargetsInParallel = 1;
				LastSwiftUpdateCheck = 1400;
				LastUpgradeCheck = 1400;
				TargetAttributes = {
					1C26FB7E28D2C52600F059ED = {
						CreatedOnToolsVersion = 14.0;
					};
				};
			};
			buildConfigurationList = 1C26FB7A28D2C52600F059ED /* Build configuration list for PBXProject "SwiftUIEx" */;
			compatibilityVersion = "Xcode 14.0";
			developmentRegion = en;
			hasScannedForEncodings = 0;
			knownRegions = (
				en,
				Base,
			);
			mainGroup = 1C26FB7628D2C52600F059ED;
			productRefGroup = 1C26FB8028D2C52600F059ED /* Products */;
			projectDirPath = "";
			projectRoot = "";
			targets = (
				1C26FB7E28D2C52600F059ED /* SwiftUIEx */,
			);
		};
/* End PBXProject section */

/* Begin PBXResourcesBuildPhase section */
		1C26FB7D28D2C52600F059ED /* Resources */ = {
			isa = PBXResourcesBuildPhase;
			buildActionMask = 2147483647;
			files = (
				1C26FB8A28D2C52600F059ED /* Preview Assets.xcassets in Resources */,
				1C26FB8728D2C52600F059ED /* Assets.xcassets in Resources */,
			);
			runOnlyForDeploymentPostprocessing = 0;
		};
/* End PBXResourcesBuildPhase section */

/* Begin PBXSourcesBuildPhase section */
		1C26FB7B28D2C52600F059ED /* Sources */ = {
			isa = PBXSourcesBuildPhase;
			buildActionMask = 2147483647;
			files = (
				1C04049828F6A75500B599E4 /* CopyTextView.swift in Sources */,
				1CAEBF2B28D95E3000BD8D3C /* HorizontalLabelView.swift in Sources */,
				1C1A9E0728E41748008D6CF1 /* TextEditVew.swift in Sources */,
				1CAEBF2D28D98CD700BD8D3C /* TextView.swift in Sources */,
				1C1A9DEB28E296B8008D6CF1 /* PickerView.swift in Sources */,
				1CE4775728F929250095AA78 /* FoldableView.swift in Sources */,
				1C04049A28F6A7B700B599E4 /* SimpleButtonView.swift in Sources */,
				1C1A9E0928E41A31008D6CF1 /* CustomButton.swift in Sources */,
				1C26FB8528D2C52600F059ED /* ContentView.swift in Sources */,
				1C26FB8328D2C52600F059ED /* SwiftUIExApp.swift in Sources */,
				1CE4775928F9294A0095AA78 /* Collapsable.swift in Sources */,
				1C1A9E0B28E41C41008D6CF1 /* noop.swift in Sources */,
				1CFD02C628DADB48004025E0 /* SliderView.swift in Sources */,
			);
			runOnlyForDeploymentPostprocessing = 0;
		};
/* End PBXSourcesBuildPhase section */

/* Begin XCBuildConfiguration section */
		1C26FB8B28D2C52600F059ED /* Debug */ = {
			isa = XCBuildConfiguration;
			buildSettings = {
				ALWAYS_SEARCH_USER_PATHS = NO;
				CLANG_ANALYZER_NONNULL = YES;
				CLANG_ANALYZER_NUMBER_OBJECT_CONVERSION = YES_AGGRESSIVE;
				CLANG_CXX_LANGUAGE_STANDARD = "gnu++20";
				CLANG_ENABLE_MODULES = YES;
				CLANG_ENABLE_OBJC_ARC = YES;
				CLANG_ENABLE_OBJC_WEAK = YES;
				CLANG_WARN_BLOCK_CAPTURE_AUTORELEASING = YES;
				CLANG_WARN_BOOL_CONVERSION = YES;
				CLANG_WARN_COMMA = YES;
				CLANG_WARN_CONSTANT_CONVERSION = YES;
				CLANG_WARN_DEPRECATED_OBJC_IMPLEMENTATIONS = YES;
				CLANG_WARN_DIRECT_OBJC_ISA_USAGE = YES_ERROR;
				CLANG_WARN_DOCUMENTATION_COMMENTS = YES;
				CLANG_WARN_EMPTY_BODY = YES;
				CLANG_WARN_ENUM_CONVERSION = YES;
				CLANG_WARN_INFINITE_RECURSION = YES;
				CLANG_WARN_INT_CONVERSION = YES;
				CLANG_WARN_NON_LITERAL_NULL_CONVERSION = YES;
				CLANG_WARN_OBJC_IMPLICIT_RETAIN_SELF = YES;
				CLANG_WARN_OBJC_LITERAL_CONVERSION = YES;
				CLANG_WARN_OBJC_ROOT_CLASS = YES_ERROR;
				CLANG_WARN_QUOTED_INCLUDE_IN_FRAMEWORK_HEADER = YES;
				CLANG_WARN_RANGE_LOOP_ANALYSIS = YES;
				CLANG_WARN_STRICT_PROTOTYPES = YES;
				CLANG_WARN_SUSPICIOUS_MOVE = YES;
				CLANG_WARN_UNGUARDED_AVAILABILITY = YES_AGGRESSIVE;
				CLANG_WARN_UNREACHABLE_CODE = YES;
				CLANG_WARN__DUPLICATE_METHOD_MATCH = YES;
				COPY_PHASE_STRIP = NO;
				DEBUG_INFORMATION_FORMAT = dwarf;
				ENABLE_STRICT_OBJC_MSGSEND = YES;
				ENABLE_TESTABILITY = YES;
				GCC_C_LANGUAGE_STANDARD = gnu11;
				GCC_DYNAMIC_NO_PIC = NO;
				GCC_NO_COMMON_BLOCKS = YES;
				GCC_OPTIMIZATION_LEVEL = 0;
				GCC_PREPROCESSOR_DEFINITIONS = (
					"DEBUG=1",
					"$(inherited)",
				);
				GCC_WARN_64_TO_32_BIT_CONVERSION = YES;
				GCC_WARN_ABOUT_RETURN_TYPE = YES_ERROR;
				GCC_WARN_UNDECLARED_SELECTOR = YES;
				GCC_WARN_UNINITIALIZED_AUTOS = YES_AGGRESSIVE;
				GCC_WARN_UNUSED_FUNCTION = YES;
				GCC_WARN_UNUSED_VARIABLE = YES;
				IPHONEOS_DEPLOYMENT_TARGET = 16.0;
				MTL_ENABLE_DEBUG_INFO = INCLUDE_SOURCE;
				MTL_FAST_MATH = YES;
				ONLY_ACTIVE_ARCH = YES;
				SDKROOT = iphoneos;
				SWIFT_ACTIVE_COMPILATION_CONDITIONS = DEBUG;
				SWIFT_OPTIMIZATION_LEVEL = "-Onone";
			};
			name = Debug;
		};
		1C26FB8C28D2C52600F059ED /* Release */ = {
			isa = XCBuildConfiguration;
			buildSettings = {
				ALWAYS_SEARCH_USER_PATHS = NO;
				CLANG_ANALYZER_NONNULL = YES;
				CLANG_ANALYZER_NUMBER_OBJECT_CONVERSION = YES_AGGRESSIVE;
				CLANG_CXX_LANGUAGE_STANDARD = "gnu++20";
				CLANG_ENABLE_MODULES = YES;
				CLANG_ENABLE_OBJC_ARC = YES;
				CLANG_ENABLE_OBJC_WEAK = YES;
				CLANG_WARN_BLOCK_CAPTURE_AUTORELEASING = YES;
				CLANG_WARN_BOOL_CONVERSION = YES;
				CLANG_WARN_COMMA = YES;
				CLANG_WARN_CONSTANT_CONVERSION = YES;
				CLANG_WARN_DEPRECATED_OBJC_IMPLEMENTATIONS = YES;
				CLANG_WARN_DIRECT_OBJC_ISA_USAGE = YES_ERROR;
				CLANG_WARN_DOCUMENTATION_COMMENTS = YES;
				CLANG_WARN_EMPTY_BODY = YES;
				CLANG_WARN_ENUM_CONVERSION = YES;
				CLANG_WARN_INFINITE_RECURSION = YES;
				CLANG_WARN_INT_CONVERSION = YES;
				CLANG_WARN_NON_LITERAL_NULL_CONVERSION = YES;
				CLANG_WARN_OBJC_IMPLICIT_RETAIN_SELF = YES;
				CLANG_WARN_OBJC_LITERAL_CONVERSION = YES;
				CLANG_WARN_OBJC_ROOT_CLASS = YES_ERROR;
				CLANG_WARN_QUOTED_INCLUDE_IN_FRAMEWORK_HEADER = YES;
				CLANG_WARN_RANGE_LOOP_ANALYSIS = YES;
				CLANG_WARN_STRICT_PROTOTYPES = YES;
				CLANG_WARN_SUSPICIOUS_MOVE = YES;
				CLANG_WARN_UNGUARDED_AVAILABILITY = YES_AGGRESSIVE;
				CLANG_WARN_UNREACHABLE_CODE = YES;
				CLANG_WARN__DUPLICATE_METHOD_MATCH = YES;
				COPY_PHASE_STRIP = NO;
				DEBUG_INFORMATION_FORMAT = "dwarf-with-dsym";
				ENABLE_NS_ASSERTIONS = NO;
				ENABLE_STRICT_OBJC_MSGSEND = YES;
				GCC_C_LANGUAGE_STANDARD = gnu11;
				GCC_NO_COMMON_BLOCKS = YES;
				GCC_WARN_64_TO_32_BIT_CONVERSION = YES;
				GCC_WARN_ABOUT_RETURN_TYPE = YES_ERROR;
				GCC_WARN_UNDECLARED_SELECTOR = YES;
				GCC_WARN_UNINITIALIZED_AUTOS = YES_AGGRESSIVE;
				GCC_WARN_UNUSED_FUNCTION = YES;
				GCC_WARN_UNUSED_VARIABLE = YES;
				IPHONEOS_DEPLOYMENT_TARGET = 16.0;
				MTL_ENABLE_DEBUG_INFO = NO;
				MTL_FAST_MATH = YES;
				SDKROOT = iphoneos;
				SWIFT_COMPILATION_MODE = wholemodule;
				SWIFT_OPTIMIZATION_LEVEL = "-O";
				VALIDATE_PRODUCT = YES;
			};
			name = Release;
		};
		1C26FB8E28D2C52600F059ED /* Debug */ = {
			isa = XCBuildConfiguration;
			buildSettings = {
				ASSETCATALOG_COMPILER_APPICON_NAME = AppIcon;
				ASSETCATALOG_COMPILER_GLOBAL_ACCENT_COLOR_NAME = AccentColor;
				CODE_SIGN_STYLE = Automatic;
				CURRENT_PROJECT_VERSION = 1;
				DEVELOPMENT_ASSET_PATHS = "\"SwiftUIEx/Preview Content\"";
				DEVELOPMENT_TEAM = 5LZNHGFB8C;
				ENABLE_PREVIEWS = YES;
				GENERATE_INFOPLIST_FILE = YES;
				INFOPLIST_KEY_UIApplicationSceneManifest_Generation = YES;
				INFOPLIST_KEY_UIApplicationSupportsIndirectInputEvents = YES;
				INFOPLIST_KEY_UILaunchScreen_Generation = YES;
				INFOPLIST_KEY_UISupportedInterfaceOrientations_iPad = "UIInterfaceOrientationPortrait UIInterfaceOrientationPortraitUpsideDown UIInterfaceOrientationLandscapeLeft UIInterfaceOrientationLandscapeRight";
				INFOPLIST_KEY_UISupportedInterfaceOrientations_iPhone = "UIInterfaceOrientationPortrait UIInterfaceOrientationLandscapeLeft UIInterfaceOrientationLandscapeRight";
				LD_RUNPATH_SEARCH_PATHS = (
					"$(inherited)",
					"@executable_path/Frameworks",
				);
				MARKETING_VERSION = 1.0;
				PRODUCT_BUNDLE_IDENTIFIER = keen.SwiftUIEx;
				PRODUCT_NAME = "$(TARGET_NAME)";
				SWIFT_EMIT_LOC_STRINGS = YES;
				SWIFT_VERSION = 5.0;
				TARGETED_DEVICE_FAMILY = "1,2";
			};
			name = Debug;
		};
		1C26FB8F28D2C52600F059ED /* Release */ = {
			isa = XCBuildConfiguration;
			buildSettings = {
				ASSETCATALOG_COMPILER_APPICON_NAME = AppIcon;
				ASSETCATALOG_COMPILER_GLOBAL_ACCENT_COLOR_NAME = AccentColor;
				CODE_SIGN_STYLE = Automatic;
				CURRENT_PROJECT_VERSION = 1;
				DEVELOPMENT_ASSET_PATHS = "\"SwiftUIEx/Preview Content\"";
				DEVELOPMENT_TEAM = 5LZNHGFB8C;
				ENABLE_PREVIEWS = YES;
				GENERATE_INFOPLIST_FILE = YES;
				INFOPLIST_KEY_UIApplicationSceneManifest_Generation = YES;
				INFOPLIST_KEY_UIApplicationSupportsIndirectInputEvents = YES;
				INFOPLIST_KEY_UILaunchScreen_Generation = YES;
				INFOPLIST_KEY_UISupportedInterfaceOrientations_iPad = "UIInterfaceOrientationPortrait UIInterfaceOrientationPortraitUpsideDown UIInterfaceOrientationLandscapeLeft UIInterfaceOrientationLandscapeRight";
				INFOPLIST_KEY_UISupportedInterfaceOrientations_iPhone = "UIInterfaceOrientationPortrait UIInterfaceOrientationLandscapeLeft UIInterfaceOrientationLandscapeRight";
				LD_RUNPATH_SEARCH_PATHS = (
					"$(inherited)",
					"@executable_path/Frameworks",
				);
				MARKETING_VERSION = 1.0;
				PRODUCT_BUNDLE_IDENTIFIER = keen.SwiftUIEx;
				PRODUCT_NAME = "$(TARGET_NAME)";
				SWIFT_EMIT_LOC_STRINGS = YES;
				SWIFT_VERSION = 5.0;
				TARGETED_DEVICE_FAMILY = "1,2";
			};
			name = Release;
		};
/* End XCBuildConfiguration section */

/* Begin XCConfigurationList section */
		1C26FB7A28D2C52600F059ED /* Build configuration list for PBXProject "SwiftUIEx" */ = {
			isa = XCConfigurationList;
			buildConfigurations = (
				1C26FB8B28D2C52600F059ED /* Debug */,
				1C26FB8C28D2C52600F059ED /* Release */,
			);
			defaultConfigurationIsVisible = 0;
			defaultConfigurationName = Release;
		};
		1C26FB8D28D2C52600F059ED /* Build configuration list for PBXNativeTarget "SwiftUIEx" */ = {
			isa = XCConfigurationList;
			buildConfigurations = (
				1C26FB8E28D2C52600F059ED /* Debug */,
				1C26FB8F28D2C52600F059ED /* Release */,
			);
			defaultConfigurationIsVisible = 0;
			defaultConfigurationName = Release;
		};
/* End XCConfigurationList section */
	};
	rootObject = 1C26FB7728D2C52600F059ED /* Project object */;
}
