// !$*UTF8*$!
{
	archiveVersion = 1;
	classes = {
	};
	objectVersion = 56;
	objects = {

/* Begin PBXBuildFile section */
		1C5A04BE2A5BBA6C00D5442E /* UIExApp.swift in Sources */ = {isa = PBXBuildFile; fileRef = 1C5A04BD2A5BBA6C00D5442E /* UIExApp.swift */; };
		1C5A04C02A5BBA6C00D5442E /* ContentView.swift in Sources */ = {isa = PBXBuildFile; fileRef = 1C5A04BF2A5BBA6C00D5442E /* ContentView.swift */; };
		1C5A04C22A5BBA6D00D5442E /* Assets.xcassets in Resources */ = {isa = PBXBuildFile; fileRef = 1C5A04C12A5BBA6D00D5442E /* Assets.xcassets */; };
		1C5A04C52A5BBA6D00D5442E /* Preview Assets.xcassets in Resources */ = {isa = PBXBuildFile; fileRef = 1C5A04C42A5BBA6D00D5442E /* Preview Assets.xcassets */; };
		1C5A04CC2A5BD15E00D5442E /* CapsuleView.swift in Sources */ = {isa = PBXBuildFile; fileRef = 1C5A04CB2A5BD15E00D5442E /* CapsuleView.swift */; };
		1C5A04CE2A5BD16E00D5442E /* Tag.swift in Sources */ = {isa = PBXBuildFile; fileRef = 1C5A04CD2A5BD16E00D5442E /* Tag.swift */; };
/* End PBXBuildFile section */

/* Begin PBXFileReference section */
		1C5A04BA2A5BBA6C00D5442E /* UIEx.app */ = {isa = PBXFileReference; explicitFileType = wrapper.application; includeInIndex = 0; path = UIEx.app; sourceTree = BUILT_PRODUCTS_DIR; };
		1C5A04BD2A5BBA6C00D5442E /* UIExApp.swift */ = {isa = PBXFileReference; lastKnownFileType = sourcecode.swift; path = UIExApp.swift; sourceTree = "<group>"; };
		1C5A04BF2A5BBA6C00D5442E /* ContentView.swift */ = {isa = PBXFileReference; lastKnownFileType = sourcecode.swift; path = ContentView.swift; sourceTree = "<group>"; };
		1C5A04C12A5BBA6D00D5442E /* Assets.xcassets */ = {isa = PBXFileReference; lastKnownFileType = folder.assetcatalog; path = Assets.xcassets; sourceTree = "<group>"; };
		1C5A04C42A5BBA6D00D5442E /* Preview Assets.xcassets */ = {isa = PBXFileReference; lastKnownFileType = folder.assetcatalog; path = "Preview Assets.xcassets"; sourceTree = "<group>"; };
		1C5A04CB2A5BD15E00D5442E /* CapsuleView.swift */ = {isa = PBXFileReference; lastKnownFileType = sourcecode.swift; path = CapsuleView.swift; sourceTree = "<group>"; };
		1C5A04CD2A5BD16E00D5442E /* Tag.swift */ = {isa = PBXFileReference; lastKnownFileType = sourcecode.swift; path = Tag.swift; sourceTree = "<group>"; };
/* End PBXFileReference section */

/* Begin PBXFrameworksBuildPhase section */
		1C5A04B72A5BBA6C00D5442E /* Frameworks */ = {
			isa = PBXFrameworksBuildPhase;
			buildActionMask = 2147483647;
			files = (
			);
			runOnlyForDeploymentPostprocessing = 0;
		};
/* End PBXFrameworksBuildPhase section */

/* Begin PBXGroup section */
		1C5A04B12A5BBA6C00D5442E = {
			isa = PBXGroup;
			children = (
				1C5A04BC2A5BBA6C00D5442E /* UIEx */,
				1C5A04BB2A5BBA6C00D5442E /* Products */,
			);
			sourceTree = "<group>";
		};
		1C5A04BB2A5BBA6C00D5442E /* Products */ = {
			isa = PBXGroup;
			children = (
				1C5A04BA2A5BBA6C00D5442E /* UIEx.app */,
			);
			name = Products;
			sourceTree = "<group>";
		};
		1C5A04BC2A5BBA6C00D5442E /* UIEx */ = {
			isa = PBXGroup;
			children = (
				1C5A04BD2A5BBA6C00D5442E /* UIExApp.swift */,
				1C5A04BF2A5BBA6C00D5442E /* ContentView.swift */,
				1C5A04CD2A5BD16E00D5442E /* Tag.swift */,
				1C5A04CB2A5BD15E00D5442E /* CapsuleView.swift */,
				1C5A04C12A5BBA6D00D5442E /* Assets.xcassets */,
				1C5A04C32A5BBA6D00D5442E /* Preview Content */,
			);
			path = UIEx;
			sourceTree = "<group>";
		};
		1C5A04C32A5BBA6D00D5442E /* Preview Content */ = {
			isa = PBXGroup;
			children = (
				1C5A04C42A5BBA6D00D5442E /* Preview Assets.xcassets */,
			);
			path = "Preview Content";
			sourceTree = "<group>";
		};
/* End PBXGroup section */

/* Begin PBXNativeTarget section */
		1C5A04B92A5BBA6C00D5442E /* UIEx */ = {
			isa = PBXNativeTarget;
			buildConfigurationList = 1C5A04C82A5BBA6D00D5442E /* Build configuration list for PBXNativeTarget "UIEx" */;
			buildPhases = (
				1C5A04B62A5BBA6C00D5442E /* Sources */,
				1C5A04B72A5BBA6C00D5442E /* Frameworks */,
				1C5A04B82A5BBA6C00D5442E /* Resources */,
			);
			buildRules = (
			);
			dependencies = (
			);
			name = UIEx;
			productName = UIEx;
			productReference = 1C5A04BA2A5BBA6C00D5442E /* UIEx.app */;
			productType = "com.apple.product-type.application";
		};
/* End PBXNativeTarget section */

/* Begin PBXProject section */
		1C5A04B22A5BBA6C00D5442E /* Project object */ = {
			isa = PBXProject;
			attributes = {
				BuildIndependentTargetsInParallel = 1;
				LastSwiftUpdateCheck = 1430;
				LastUpgradeCheck = 1430;
				TargetAttributes = {
					1C5A04B92A5BBA6C00D5442E = {
						CreatedOnToolsVersion = 14.3;
					};
				};
			};
			buildConfigurationList = 1C5A04B52A5BBA6C00D5442E /* Build configuration list for PBXProject "UIEx" */;
			compatibilityVersion = "Xcode 14.0";
			developmentRegion = en;
			hasScannedForEncodings = 0;
			knownRegions = (
				en,
				Base,
			);
			mainGroup = 1C5A04B12A5BBA6C00D5442E;
			productRefGroup = 1C5A04BB2A5BBA6C00D5442E /* Products */;
			projectDirPath = "";
			projectRoot = "";
			targets = (
				1C5A04B92A5BBA6C00D5442E /* UIEx */,
			);
		};
/* End PBXProject section */

/* Begin PBXResourcesBuildPhase section */
		1C5A04B82A5BBA6C00D5442E /* Resources */ = {
			isa = PBXResourcesBuildPhase;
			buildActionMask = 2147483647;
			files = (
				1C5A04C52A5BBA6D00D5442E /* Preview Assets.xcassets in Resources */,
				1C5A04C22A5BBA6D00D5442E /* Assets.xcassets in Resources */,
			);
			runOnlyForDeploymentPostprocessing = 0;
		};
/* End PBXResourcesBuildPhase section */

/* Begin PBXSourcesBuildPhase section */
		1C5A04B62A5BBA6C00D5442E /* Sources */ = {
			isa = PBXSourcesBuildPhase;
			buildActionMask = 2147483647;
			files = (
				1C5A04CE2A5BD16E00D5442E /* Tag.swift in Sources */,
				1C5A04CC2A5BD15E00D5442E /* CapsuleView.swift in Sources */,
				1C5A04C02A5BBA6C00D5442E /* ContentView.swift in Sources */,
				1C5A04BE2A5BBA6C00D5442E /* UIExApp.swift in Sources */,
			);
			runOnlyForDeploymentPostprocessing = 0;
		};
/* End PBXSourcesBuildPhase section */

/* Begin XCBuildConfiguration section */
		1C5A04C62A5BBA6D00D5442E /* Debug */ = {
			isa = XCBuildConfiguration;
			buildSettings = {
				ALWAYS_SEARCH_USER_PATHS = NO;
				CLANG_ANALYZER_NONNULL = YES;
				CLANG_ANALYZER_NUMBER_OBJECT_CONVERSION = YES_AGGRESSIVE;
				CLANG_CXX_LANGUAGE_STANDARD = "gnu++20";
				CLANG_ENABLE_MODULES = YES;
				CLANG_ENABLE_OBJC_ARC = YES;
				CLANG_ENABLE_OBJC_WEAK = YES;
				CLANG_WARN_BLOCK_CAPTURE_AUTORELEASING = YES;
				CLANG_WARN_BOOL_CONVERSION = YES;
				CLANG_WARN_COMMA = YES;
				CLANG_WARN_CONSTANT_CONVERSION = YES;
				CLANG_WARN_DEPRECATED_OBJC_IMPLEMENTATIONS = YES;
				CLANG_WARN_DIRECT_OBJC_ISA_USAGE = YES_ERROR;
				CLANG_WARN_DOCUMENTATION_COMMENTS = YES;
				CLANG_WARN_EMPTY_BODY = YES;
				CLANG_WARN_ENUM_CONVERSION = YES;
				CLANG_WARN_INFINITE_RECURSION = YES;
				CLANG_WARN_INT_CONVERSION = YES;
				CLANG_WARN_NON_LITERAL_NULL_CONVERSION = YES;
				CLANG_WARN_OBJC_IMPLICIT_RETAIN_SELF = YES;
				CLANG_WARN_OBJC_LITERAL_CONVERSION = YES;
				CLANG_WARN_OBJC_ROOT_CLASS = YES_ERROR;
				CLANG_WARN_QUOTED_INCLUDE_IN_FRAMEWORK_HEADER = YES;
				CLANG_WARN_RANGE_LOOP_ANALYSIS = YES;
				CLANG_WARN_STRICT_PROTOTYPES = YES;
				CLANG_WARN_SUSPICIOUS_MOVE = YES;
				CLANG_WARN_UNGUARDED_AVAILABILITY = YES_AGGRESSIVE;
				CLANG_WARN_UNREACHABLE_CODE = YES;
				CLANG_WARN__DUPLICATE_METHOD_MATCH = YES;
				COPY_PHASE_STRIP = NO;
				DEBUG_INFORMATION_FORMAT = dwarf;
				ENABLE_STRICT_OBJC_MSGSEND = YES;
				ENABLE_TESTABILITY = YES;
				GCC_C_LANGUAGE_STANDARD = gnu11;
				GCC_DYNAMIC_NO_PIC = NO;
				GCC_NO_COMMON_BLOCKS = YES;
				GCC_OPTIMIZATION_LEVEL = 0;
				GCC_PREPROCESSOR_DEFINITIONS = (
					"DEBUG=1",
					"$(inherited)",
				);
				GCC_WARN_64_TO_32_BIT_CONVERSION = YES;
				GCC_WARN_ABOUT_RETURN_TYPE = YES_ERROR;
				GCC_WARN_UNDECLARED_SELECTOR = YES;
				GCC_WARN_UNINITIALIZED_AUTOS = YES_AGGRESSIVE;
				GCC_WARN_UNUSED_FUNCTION = YES;
				GCC_WARN_UNUSED_VARIABLE = YES;
				IPHONEOS_DEPLOYMENT_TARGET = 16.4;
				MTL_ENABLE_DEBUG_INFO = INCLUDE_SOURCE;
				MTL_FAST_MATH = YES;
				ONLY_ACTIVE_ARCH = YES;
				SDKROOT = iphoneos;
				SWIFT_ACTIVE_COMPILATION_CONDITIONS = DEBUG;
				SWIFT_OPTIMIZATION_LEVEL = "-Onone";
			};
			name = Debug;
		};
		1C5A04C72A5BBA6D00D5442E /* Release */ = {
			isa = XCBuildConfiguration;
			buildSettings = {
				ALWAYS_SEARCH_USER_PATHS = NO;
				CLANG_ANALYZER_NONNULL = YES;
				CLANG_ANALYZER_NUMBER_OBJECT_CONVERSION = YES_AGGRESSIVE;
				CLANG_CXX_LANGUAGE_STANDARD = "gnu++20";
				CLANG_ENABLE_MODULES = YES;
				CLANG_ENABLE_OBJC_ARC = YES;
				CLANG_ENABLE_OBJC_WEAK = YES;
				CLANG_WARN_BLOCK_CAPTURE_AUTORELEASING = YES;
				CLANG_WARN_BOOL_CONVERSION = YES;
				CLANG_WARN_COMMA = YES;
				CLANG_WARN_CONSTANT_CONVERSION = YES;
				CLANG_WARN_DEPRECATED_OBJC_IMPLEMENTATIONS = YES;
				CLANG_WARN_DIRECT_OBJC_ISA_USAGE = YES_ERROR;
				CLANG_WARN_DOCUMENTATION_COMMENTS = YES;
				CLANG_WARN_EMPTY_BODY = YES;
				CLANG_WARN_ENUM_CONVERSION = YES;
				CLANG_WARN_INFINITE_RECURSION = YES;
				CLANG_WARN_INT_CONVERSION = YES;
				CLANG_WARN_NON_LITERAL_NULL_CONVERSION = YES;
				CLANG_WARN_OBJC_IMPLICIT_RETAIN_SELF = YES;
				CLANG_WARN_OBJC_LITERAL_CONVERSION = YES;
				CLANG_WARN_OBJC_ROOT_CLASS = YES_ERROR;
				CLANG_WARN_QUOTED_INCLUDE_IN_FRAMEWORK_HEADER = YES;
				CLANG_WARN_RANGE_LOOP_ANALYSIS = YES;
				CLANG_WARN_STRICT_PROTOTYPES = YES;
				CLANG_WARN_SUSPICIOUS_MOVE = YES;
				CLANG_WARN_UNGUARDED_AVAILABILITY = YES_AGGRESSIVE;
				CLANG_WARN_UNREACHABLE_CODE = YES;
				CLANG_WARN__DUPLICATE_METHOD_MATCH = YES;
				COPY_PHASE_STRIP = NO;
				DEBUG_INFORMATION_FORMAT = "dwarf-with-dsym";
				ENABLE_NS_ASSERTIONS = NO;
				ENABLE_STRICT_OBJC_MSGSEND = YES;
				GCC_C_LANGUAGE_STANDARD = gnu11;
				GCC_NO_COMMON_BLOCKS = YES;
				GCC_WARN_64_TO_32_BIT_CONVERSION = YES;
				GCC_WARN_ABOUT_RETURN_TYPE = YES_ERROR;
				GCC_WARN_UNDECLARED_SELECTOR = YES;
				GCC_WARN_UNINITIALIZED_AUTOS = YES_AGGRESSIVE;
				GCC_WARN_UNUSED_FUNCTION = YES;
				GCC_WARN_UNUSED_VARIABLE = YES;
				IPHONEOS_DEPLOYMENT_TARGET = 16.4;
				MTL_ENABLE_DEBUG_INFO = NO;
				MTL_FAST_MATH = YES;
				SDKROOT = iphoneos;
				SWIFT_COMPILATION_MODE = wholemodule;
				SWIFT_OPTIMIZATION_LEVEL = "-O";
				VALIDATE_PRODUCT = YES;
			};
			name = Release;
		};
		1C5A04C92A5BBA6D00D5442E /* Debug */ = {
			isa = XCBuildConfiguration;
			buildSettings = {
				ASSETCATALOG_COMPILER_APPICON_NAME = AppIcon;
				ASSETCATALOG_COMPILER_GLOBAL_ACCENT_COLOR_NAME = AccentColor;
				CODE_SIGN_STYLE = Automatic;
				CURRENT_PROJECT_VERSION = 1;
				DEVELOPMENT_ASSET_PATHS = "\"UIEx/Preview Content\"";
				ENABLE_PREVIEWS = YES;
				GENERATE_INFOPLIST_FILE = YES;
				INFOPLIST_KEY_UIApplicationSceneManifest_Generation = YES;
				INFOPLIST_KEY_UIApplicationSupportsIndirectInputEvents = YES;
				INFOPLIST_KEY_UILaunchScreen_Generation = YES;
				INFOPLIST_KEY_UISupportedInterfaceOrientations_iPad = "UIInterfaceOrientationPortrait UIInterfaceOrientationPortraitUpsideDown UIInterfaceOrientationLandscapeLeft UIInterfaceOrientationLandscapeRight";
				INFOPLIST_KEY_UISupportedInterfaceOrientations_iPhone = "UIInterfaceOrientationPortrait UIInterfaceOrientationLandscapeLeft UIInterfaceOrientationLandscapeRight";
				LD_RUNPATH_SEARCH_PATHS = (
					"$(inherited)",
					"@executable_path/Frameworks",
				);
				MARKETING_VERSION = 1.0;
				PRODUCT_BUNDLE_IDENTIFIER = KEEN.UIEx;
				PRODUCT_NAME = "$(TARGET_NAME)";
				SWIFT_EMIT_LOC_STRINGS = YES;
				SWIFT_VERSION = 5.0;
				TARGETED_DEVICE_FAMILY = "1,2";
			};
			name = Debug;
		};
		1C5A04CA2A5BBA6D00D5442E /* Release */ = {
			isa = XCBuildConfiguration;
			buildSettings = {
				ASSETCATALOG_COMPILER_APPICON_NAME = AppIcon;
				ASSETCATALOG_COMPILER_GLOBAL_ACCENT_COLOR_NAME = AccentColor;
				CODE_SIGN_STYLE = Automatic;
				CURRENT_PROJECT_VERSION = 1;
				DEVELOPMENT_ASSET_PATHS = "\"UIEx/Preview Content\"";
				ENABLE_PREVIEWS = YES;
				GENERATE_INFOPLIST_FILE = YES;
				INFOPLIST_KEY_UIApplicationSceneManifest_Generation = YES;
				INFOPLIST_KEY_UIApplicationSupportsIndirectInputEvents = YES;
				INFOPLIST_KEY_UILaunchScreen_Generation = YES;
				INFOPLIST_KEY_UISupportedInterfaceOrientations_iPad = "UIInterfaceOrientationPortrait UIInterfaceOrientationPortraitUpsideDown UIInterfaceOrientationLandscapeLeft UIInterfaceOrientationLandscapeRight";
				INFOPLIST_KEY_UISupportedInterfaceOrientations_iPhone = "UIInterfaceOrientationPortrait UIInterfaceOrientationLandscapeLeft UIInterfaceOrientationLandscapeRight";
				LD_RUNPATH_SEARCH_PATHS = (
					"$(inherited)",
					"@executable_path/Frameworks",
				);
				MARKETING_VERSION = 1.0;
				PRODUCT_BUNDLE_IDENTIFIER = KEEN.UIEx;
				PRODUCT_NAME = "$(TARGET_NAME)";
				SWIFT_EMIT_LOC_STRINGS = YES;
				SWIFT_VERSION = 5.0;
				TARGETED_DEVICE_FAMILY = "1,2";
			};
			name = Release;
		};
/* End XCBuildConfiguration section */

/* Begin XCConfigurationList section */
		1C5A04B52A5BBA6C00D5442E /* Build configuration list for PBXProject "UIEx" */ = {
			isa = XCConfigurationList;
			buildConfigurations = (
				1C5A04C62A5BBA6D00D5442E /* Debug */,
				1C5A04C72A5BBA6D00D5442E /* Release */,
			);
			defaultConfigurationIsVisible = 0;
			defaultConfigurationName = Release;
		};
		1C5A04C82A5BBA6D00D5442E /* Build configuration list for PBXNativeTarget "UIEx" */ = {
			isa = XCConfigurationList;
			buildConfigurations = (
				1C5A04C92A5BBA6D00D5442E /* Debug */,
				1C5A04CA2A5BBA6D00D5442E /* Release */,
			);
			defaultConfigurationIsVisible = 0;
			defaultConfigurationName = Release;
		};
/* End XCConfigurationList section */
	};
	rootObject = 1C5A04B22A5BBA6C00D5442E /* Project object */;
}
